
Microsoft Visual Studio Solution File, Format Version 12.00
Project("{FAE04EC0-301F-11D3-BF4B-00C04F79EFBC}") = "Avalonia.SpotifyClone", "Avalonia.SpotifyClone.csproj", "{9837FEBB-C396-4AAD-93BF-B3FA42E5905B}"
EndProject
Global
	GlobalSection(SolutionConfigurationPlatforms) = preSolution
		Debug|Any CPU = Debug|Any CPU
		Release|Any CPU = Release|Any CPU
	EndGlobalSection
	GlobalSection(ProjectConfigurationPlatforms) = postSolution
		{9837FEBB-C396-4AAD-93BF-B3FA42E5905B}.Debug|Any CPU.ActiveCfg = Debug|Any CPU
		{9837FEBB-C396-4AAD-93BF-B3FA42E5905B}.Debug|Any CPU.Build.0 = Debug|Any CPU
		{9837FEBB-C396-4AAD-93BF-B3FA42E5905B}.Release|Any CPU.ActiveCfg = Release|Any CPU
		{9837FEBB-C396-4AAD-93BF-B3FA42E5905B}.Release|Any CPU.Build.0 = Release|Any CPU
	EndGlobalSection
EndGlobal
